{
  "name": "Files",
  "version": "1.0.0",
  "lockfileVersion": 1,
  "requires": true,
  "dependencies": {
    "bindings": {
      "version": "1.3.0",
      "resolved": "https://registry.npmjs.org/bindings/-/bindings-1.3.0.tgz",
      "integrity": "sha512-DpLh5EzMR2kzvX1KIlVC0VkC3iZtHKTgdtZ0a3pglBZdaQFjt5S9g9xd1lE+YvXyfd6mtCeRnrUfOLYiTMlNSw=="
    },
    "electron-is": {
      "version": "2.4.0",
      "resolved": "https://registry.npmjs.org/electron-is/-/electron-is-2.4.0.tgz",
      "integrity": "sha1-afZWB9fSZOoKR21VIZCqKwGGX1I=",
      "requires": {
        "electron-is-dev": "0.1.2",
        "semver": "5.5.0"
      }
    },
    "electron-is-dev": {
      "version": "0.1.2",
      "resolved": "https://registry.npmjs.org/electron-is-dev/-/electron-is-dev-0.1.2.tgz",
      "integrity": "sha1-ihBD4ys6HaHD9VPc4oznZCRhZ+M="
    },
    "foreachasync": {
      "version": "3.0.0",
      "resolved": "https://registry.npmjs.org/foreachasync/-/foreachasync-3.0.0.tgz",
      "integrity": "sha1-VQKYfchxS+M5IJfzLgBxyd7gfPY="
    },
    "haste-sdk": {
      "version": "github:rotemgrim/haste-sdk#faf78d08ae5af37010a40cbf444292a105b0d867"
    },
    "nan": {
      "version": "2.8.0",
      "resolved": "https://registry.npmjs.org/nan/-/nan-2.8.0.tgz",
      "integrity": "sha1-7XFfP+neArV6XmJS2QqWZ14fCFo="
    },
    "semver": {
      "version": "5.5.0",
      "resolved": "https://registry.npmjs.org/semver/-/semver-5.5.0.tgz",
      "integrity": "sha512-4SJ3dm0WAwWy/NVeioZh5AntkdJoWKxHxcmyP622fOkgHa4z3R0TdBJICINyaSDE6uNwVc8gZr+ZinwZAH4xIA=="
    },
    "system-icon": {
      "version": "github:mtojo/node-system-icon#22e3baacd01067372438d04f6862f010abefa7e6",
      "requires": {
        "bindings": "1.3.0",
        "nan": "2.8.0"
      }
    },
    "walk": {
      "version": "2.3.13",
      "resolved": "https://registry.npmjs.org/walk/-/walk-2.3.13.tgz",
      "integrity": "sha512-78SMe7To9U7kqVhSoGho3GfspA089ZDBIj2f8jElg2hi6lUCoagtDJ8sSMFNlpAh5Ib8Jt1gQ6Y7gh9mzHtFng==",
      "requires": {
        "foreachasync": "3.0.0"
      }
    }
  }
}
