{
  "name": "websearch-pkg",
  "version": "1.0.0",
  "lockfileVersion": 1,
  "requires": true,
  "dependencies": {
    "electron-is-dev": {
      "version": "0.3.0",
      "resolved": "https://registry.npmjs.org/electron-is-dev/-/electron-is-dev-0.3.0.tgz",
      "integrity": "sha1-FOb9pcaOnk7L7/nM8DfL18BcWv4="
    },
    "typie-go": {
      "version": "0.1.5",
      "resolved": "https://registry.npmjs.org/typie-go/-/typie-go-0.1.5.tgz",
      "integrity": "sha512-Hn9gkXGfd5i29A3PkI5pD0EJHYS0v2rvqiUjTZFPVBJHxtRKp90ohl0f1Ubac7GMuOP960KfQSP0afgMKyvzCw=="
    },
    "typie-sdk": {
      "version": "1.0.11",
      "resolved": "https://registry.npmjs.org/typie-sdk/-/typie-sdk-1.0.11.tgz",
      "integrity": "sha512-LskJYnRTQalVTpQTSFudAX/brFIpfHbogU2uscZwON5kkEX4o8uf+yWLkWkQ5SQnhgLGrV2S2ozyPFZkmSy5iw==",
      "requires": {
        "electron-is-dev": "^0.3.0",
        "typie-go": "^0.1.5"
      }
    }
  }
}
