{
  "name": "WebSearch",
  "version": "1.0.0",
  "lockfileVersion": 1,
  "requires": true,
  "dependencies": {
    "typie-sdk": {
      "version": "github:rotemgrim/typie-sdk#faf78d08ae5af37010a40cbf444292a105b0d867"
    },
    "node-ini": {
      "version": "1.0.0",
      "resolved": "https://registry.npmjs.org/node-ini/-/node-ini-1.0.0.tgz",
      "integrity": "sha1-u6YbFgPiSyn0MHU8gYmBacMtS8o="
    }
  }
}
