{
  "name": "websearch-pkg",
  "version": "1.0.0",
  "lockfileVersion": 1,
  "requires": true,
  "dependencies": {
    "electron-is-dev": {
      "version": "0.3.0",
      "resolved": "https://registry.npmjs.org/electron-is-dev/-/electron-is-dev-0.3.0.tgz",
      "integrity": "sha1-FOb9pcaOnk7L7/nM8DfL18BcWv4="
    },
    "gonode": {
      "version": "github:rotemgrim/gonode#2d72f9cc873960b32278e895fda8b04b9e520e85",
      "from": "github:rotemgrim/gonode"
    },
    "typie-sdk": {
      "version": "github:typie/typie-sdk#41cf0e5f70cb8c60f261500621c2eb0ca6761c16",
      "from": "github:typie/typie-sdk",
      "requires": {
        "electron-is-dev": "^0.3.0",
        "gonode": "github:rotemgrim/gonode#2d72f9cc873960b32278e895fda8b04b9e520e85"
      }
    }
  }
}
